
Microsoft Visual Studio Solution File, Format Version 12.00
# Visual Studio Version 17
VisualStudioVersion = 17.8.34525.116
MinimumVisualStudioVersion = 10.0.40219.1
Project("{9A19103F-16F7-4668-BE54-9A1E7A4F7556}") = "Repository", "Repository\Repository.csproj", "{33EDCAE3-B95A-4925-A100-738B6C0A81DB}"
EndProject
Project("{9A19103F-16F7-4668-BE54-9A1E7A4F7556}") = "BusinessObject", "BusinessObject\BusinessObject.csproj", "{B0614269-19D5-441D-8EF4-050DB179E875}"
EndProject
Project("{9A19103F-16F7-4668-BE54-9A1E7A4F7556}") = "RazorPages", "RazorPages\RazorPages.csproj", "{FEC20627-F483-430B-9A8E-6409D9C7A3DC}"
EndProject
Project("{9A19103F-16F7-4668-BE54-9A1E7A4F7556}") = "DataAccessLayer", "DataAccessLayer\DataAccessLayer.csproj", "{595DF0CA-D8F9-436E-96F3-775D8F1FFA7B}"
EndProject
Global
	GlobalSection(SolutionConfigurationPlatforms) = preSolution
		Debug|Any CPU = Debug|Any CPU
		Release|Any CPU = Release|Any CPU
	EndGlobalSection
	GlobalSection(ProjectConfigurationPlatforms) = postSolution
		{33EDCAE3-B95A-4925-A100-738B6C0A81DB}.Debug|Any CPU.ActiveCfg = Debug|Any CPU
		{33EDCAE3-B95A-4925-A100-738B6C0A81DB}.Debug|Any CPU.Build.0 = Debug|Any CPU
		{33EDCAE3-B95A-4925-A100-738B6C0A81DB}.Release|Any CPU.ActiveCfg = Release|Any CPU
		{33EDCAE3-B95A-4925-A100-738B6C0A81DB}.Release|Any CPU.Build.0 = Release|Any CPU
		{B0614269-19D5-441D-8EF4-050DB179E875}.Debug|Any CPU.ActiveCfg = Debug|Any CPU
		{B0614269-19D5-441D-8EF4-050DB179E875}.Debug|Any CPU.Build.0 = Debug|Any CPU
		{B0614269-19D5-441D-8EF4-050DB179E875}.Release|Any CPU.ActiveCfg = Release|Any CPU
		{B0614269-19D5-441D-8EF4-050DB179E875}.Release|Any CPU.Build.0 = Release|Any CPU
		{FEC20627-F483-430B-9A8E-6409D9C7A3DC}.Debug|Any CPU.ActiveCfg = Debug|Any CPU
		{FEC20627-F483-430B-9A8E-6409D9C7A3DC}.Debug|Any CPU.Build.0 = Debug|Any CPU
		{FEC20627-F483-430B-9A8E-6409D9C7A3DC}.Release|Any CPU.ActiveCfg = Release|Any CPU
		{FEC20627-F483-430B-9A8E-6409D9C7A3DC}.Release|Any CPU.Build.0 = Release|Any CPU
		{595DF0CA-D8F9-436E-96F3-775D8F1FFA7B}.Debug|Any CPU.ActiveCfg = Debug|Any CPU
		{595DF0CA-D8F9-436E-96F3-775D8F1FFA7B}.Debug|Any CPU.Build.0 = Debug|Any CPU
		{595DF0CA-D8F9-436E-96F3-775D8F1FFA7B}.Release|Any CPU.ActiveCfg = Release|Any CPU
		{595DF0CA-D8F9-436E-96F3-775D8F1FFA7B}.Release|Any CPU.Build.0 = Release|Any CPU
	EndGlobalSection
	GlobalSection(SolutionProperties) = preSolution
		HideSolutionNode = FALSE
	EndGlobalSection
	GlobalSection(ExtensibilityGlobals) = postSolution
		SolutionGuid = {00E75751-556F-43A7-B645-9D9F38028FCE}
	EndGlobalSection
EndGlobal
